
Microsoft Visual Studio Solution File, Format Version 12.00
# Visual Studio Version 17
VisualStudioVersion = 17.1.32421.90
MinimumVisualStudioVersion = 10.0.40219.1
Project("{2150E333-8FDC-42A3-9474-1A3956D46DE8}") = "0. SolutionItems", "0. SolutionItems", "{0B192351-E63D-4E94-9034-CFA174A2D5FE}"
	ProjectSection(SolutionItems) = preProject
		.gitattributes = .gitattributes
		.gitignore = .gitignore
	EndProjectSection
EndProject
Project("{2150E333-8FDC-42A3-9474-1A3956D46DE8}") = "1. Infrastructures", "1. Infrastructures", "{DDC355DD-FDA5-4EC2-BFF5-85A97D7DD09C}"
EndProject
Project("{2150E333-8FDC-42A3-9474-1A3956D46DE8}") = "2. Domains", "2. Domains", "{83AEEA22-285D-4E5B-A6F1-32B3A8A4F114}"
EndProject
Project("{2150E333-8FDC-42A3-9474-1A3956D46DE8}") = "3. Hosts", "3. Hosts", "{D4E6FCDD-C6BD-48AB-836D-B514E816C9D7}"
EndProject
Project("{9A19103F-16F7-4668-BE54-9A1E7A4F7556}") = "HIS.BackendApi", "HIS.BackendApi\HIS.BackendApi.csproj", "{005BA888-9EE2-42E0-8AB5-AA58288AA766}"
EndProject
Project("{9A19103F-16F7-4668-BE54-9A1E7A4F7556}") = "HIS.EntityFrameworkCore", "HIS.EntityFrameworkCore\HIS.EntityFrameworkCore.csproj", "{4E31E4E8-D9F6-4077-B258-461ABF1099EB}"
EndProject
Project("{9A19103F-16F7-4668-BE54-9A1E7A4F7556}") = "HIS.ApplicationService", "HIS.ApplicationService\HIS.ApplicationService.csproj", "{02C678E8-007D-45B6-9E98-0C5B2E918D26}"
EndProject
Project("{9A19103F-16F7-4668-BE54-9A1E7A4F7556}") = "HIS.Utilities", "HIS.Utilities\HIS.Utilities.csproj", "{4D5FF7A1-420A-4FFD-99B2-4551B49F2BC9}"
EndProject
Project("{9A19103F-16F7-4668-BE54-9A1E7A4F7556}") = "HIS.AutoMappers", "HIS.AutoMappers\HIS.AutoMappers.csproj", "{929C0277-9909-4E83-88F5-AE3C8010F58A}"
EndProject
Project("{9A19103F-16F7-4668-BE54-9A1E7A4F7556}") = "HIS.Dtos", "HIS.Dtos\HIS.Dtos.csproj", "{C43080AB-3DD3-4F12-9C17-5C3D6C58AE44}"
EndProject
Global
	GlobalSection(SolutionConfigurationPlatforms) = preSolution
		Debug|Any CPU = Debug|Any CPU
		Release|Any CPU = Release|Any CPU
	EndGlobalSection
	GlobalSection(ProjectConfigurationPlatforms) = postSolution
		{005BA888-9EE2-42E0-8AB5-AA58288AA766}.Debug|Any CPU.ActiveCfg = Debug|Any CPU
		{005BA888-9EE2-42E0-8AB5-AA58288AA766}.Debug|Any CPU.Build.0 = Debug|Any CPU
		{005BA888-9EE2-42E0-8AB5-AA58288AA766}.Release|Any CPU.ActiveCfg = Release|Any CPU
		{005BA888-9EE2-42E0-8AB5-AA58288AA766}.Release|Any CPU.Build.0 = Release|Any CPU
		{4E31E4E8-D9F6-4077-B258-461ABF1099EB}.Debug|Any CPU.ActiveCfg = Debug|Any CPU
		{4E31E4E8-D9F6-4077-B258-461ABF1099EB}.Debug|Any CPU.Build.0 = Debug|Any CPU
		{4E31E4E8-D9F6-4077-B258-461ABF1099EB}.Release|Any CPU.ActiveCfg = Release|Any CPU
		{4E31E4E8-D9F6-4077-B258-461ABF1099EB}.Release|Any CPU.Build.0 = Release|Any CPU
		{02C678E8-007D-45B6-9E98-0C5B2E918D26}.Debug|Any CPU.ActiveCfg = Debug|Any CPU
		{02C678E8-007D-45B6-9E98-0C5B2E918D26}.Debug|Any CPU.Build.0 = Debug|Any CPU
		{02C678E8-007D-45B6-9E98-0C5B2E918D26}.Release|Any CPU.ActiveCfg = Release|Any CPU
		{02C678E8-007D-45B6-9E98-0C5B2E918D26}.Release|Any CPU.Build.0 = Release|Any CPU
		{4D5FF7A1-420A-4FFD-99B2-4551B49F2BC9}.Debug|Any CPU.ActiveCfg = Debug|Any CPU
		{4D5FF7A1-420A-4FFD-99B2-4551B49F2BC9}.Debug|Any CPU.Build.0 = Debug|Any CPU
		{4D5FF7A1-420A-4FFD-99B2-4551B49F2BC9}.Release|Any CPU.ActiveCfg = Release|Any CPU
		{4D5FF7A1-420A-4FFD-99B2-4551B49F2BC9}.Release|Any CPU.Build.0 = Release|Any CPU
		{929C0277-9909-4E83-88F5-AE3C8010F58A}.Debug|Any CPU.ActiveCfg = Debug|Any CPU
		{929C0277-9909-4E83-88F5-AE3C8010F58A}.Debug|Any CPU.Build.0 = Debug|Any CPU
		{929C0277-9909-4E83-88F5-AE3C8010F58A}.Release|Any CPU.ActiveCfg = Release|Any CPU
		{929C0277-9909-4E83-88F5-AE3C8010F58A}.Release|Any CPU.Build.0 = Release|Any CPU
		{C43080AB-3DD3-4F12-9C17-5C3D6C58AE44}.Debug|Any CPU.ActiveCfg = Debug|Any CPU
		{C43080AB-3DD3-4F12-9C17-5C3D6C58AE44}.Debug|Any CPU.Build.0 = Debug|Any CPU
		{C43080AB-3DD3-4F12-9C17-5C3D6C58AE44}.Release|Any CPU.ActiveCfg = Release|Any CPU
		{C43080AB-3DD3-4F12-9C17-5C3D6C58AE44}.Release|Any CPU.Build.0 = Release|Any CPU
	EndGlobalSection
	GlobalSection(SolutionProperties) = preSolution
		HideSolutionNode = FALSE
	EndGlobalSection
	GlobalSection(NestedProjects) = preSolution
		{005BA888-9EE2-42E0-8AB5-AA58288AA766} = {D4E6FCDD-C6BD-48AB-836D-B514E816C9D7}
		{4E31E4E8-D9F6-4077-B258-461ABF1099EB} = {83AEEA22-285D-4E5B-A6F1-32B3A8A4F114}
		{02C678E8-007D-45B6-9E98-0C5B2E918D26} = {83AEEA22-285D-4E5B-A6F1-32B3A8A4F114}
		{4D5FF7A1-420A-4FFD-99B2-4551B49F2BC9} = {DDC355DD-FDA5-4EC2-BFF5-85A97D7DD09C}
		{929C0277-9909-4E83-88F5-AE3C8010F58A} = {DDC355DD-FDA5-4EC2-BFF5-85A97D7DD09C}
		{C43080AB-3DD3-4F12-9C17-5C3D6C58AE44} = {DDC355DD-FDA5-4EC2-BFF5-85A97D7DD09C}
	EndGlobalSection
	GlobalSection(ExtensibilityGlobals) = postSolution
		SolutionGuid = {C830B4FA-8B15-4172-8651-ED9456CC7C76}
	EndGlobalSection
EndGlobal
